# ClawBench truth lock (Exp 2). PLACEHOLDER, unpopulated.
#
# This file records the sha256 of every ingested GIAB truth artefact (reference, stratifications,
# per-sample VCF/BED) for fail-closed reproducibility. It is AUTO-GENERATED by
# HARNESS/giab_ingest.py when ingestion runs on the Mac Studio external volume
# (/Volumes/CPM-20Tb/CLAWBENCH); giab_ingest writes the live lock to <workdir>/MANIFEST.lock.yaml.
# After a successful ingest, copy that lock here (repo) so the committed, reviewer-facing hashes are
# version-controlled. On the next run, recorded hashes are VERIFIED and ingestion fails closed on
# mismatch.
#
# Not yet populated: downloads are deferred until the Studio compute gate is cleared
# (see SETUP-MACSTUDIO.md). MacBook is at 98% disk and must not host these artefacts.
#
# Expected keys after population (relative to the workdir), example shape:
#   reference/GCA_000001405.15_GRCh38_no_alt_analysis_set.fasta.gz: <sha256>
#   giab/strat/genome-stratifications-GRCh38@all.tar.gz: <sha256>
#   truth/HG001.bed: <sha256>
#   truth/HG002.bed: <sha256>
#   truth/HG003.bed: <sha256>
#   truth/HG005.bed: <sha256>
# chr20 derived truth is hashed separately in <workdir>/chr20_truth_freeze.json by chr20_subset.py.
{}
